
Microsoft Visual Studio Solution File, Format Version 12.00
# Visual Studio Version 16
VisualStudioVersion = 16.0.29009.5
MinimumVisualStudioVersion = 10.0.40219.1
Project("{9A19103F-16F7-4668-BE54-9A1E7A4F7556}") = "WinWeeRelay.Core", "WinWeeRelay.Core\WinWeeRelay.Core.csproj", "{A619AE7A-9A67-4B21-A2E1-7DC1890A3DD4}"
EndProject
Project("{9A19103F-16F7-4668-BE54-9A1E7A4F7556}") = "WinWeeRelay.Utils", "WinWeeRelay.Utils\WinWeeRelay.Utils.csproj", "{F96FAF7D-1565-48F5-825D-FA8A0CEA89AF}"
EndProject
Project("{9A19103F-16F7-4668-BE54-9A1E7A4F7556}") = "WinWeeRelay.Configuration", "WinWeeRelay.Configuration\WinWeeRelay.Configuration.csproj", "{7F23D684-9A18-4B35-9560-14648C23275C}"
EndProject
Project("{FAE04EC0-301F-11D3-BF4B-00C04F79EFBC}") = "WinWeeRelay", "WinWeeRelay\WinWeeRelay.csproj", "{685F087D-8359-4B19-BCB7-0B35B5AD1572}"
EndProject
Project("{2150E333-8FDC-42A3-9474-1A3956D46DE8}") = "Solution Items", "Solution Items", "{6E84F7E2-AF68-4980-959F-DCDA76C773D2}"
	ProjectSection(SolutionItems) = preProject
		.gitattributes = .gitattributes
		.gitignore = .gitignore
		LICENSE = LICENSE
		README.md = README.md
	EndProjectSection
EndProject
Global
	GlobalSection(SolutionConfigurationPlatforms) = preSolution
		Debug|Any CPU = Debug|Any CPU
		Release|Any CPU = Release|Any CPU
	EndGlobalSection
	GlobalSection(ProjectConfigurationPlatforms) = postSolution
		{A619AE7A-9A67-4B21-A2E1-7DC1890A3DD4}.Debug|Any CPU.ActiveCfg = Debug|Any CPU
		{A619AE7A-9A67-4B21-A2E1-7DC1890A3DD4}.Debug|Any CPU.Build.0 = Debug|Any CPU
		{A619AE7A-9A67-4B21-A2E1-7DC1890A3DD4}.Release|Any CPU.ActiveCfg = Release|Any CPU
		{A619AE7A-9A67-4B21-A2E1-7DC1890A3DD4}.Release|Any CPU.Build.0 = Release|Any CPU
		{F96FAF7D-1565-48F5-825D-FA8A0CEA89AF}.Debug|Any CPU.ActiveCfg = Debug|Any CPU
		{F96FAF7D-1565-48F5-825D-FA8A0CEA89AF}.Debug|Any CPU.Build.0 = Debug|Any CPU
		{F96FAF7D-1565-48F5-825D-FA8A0CEA89AF}.Release|Any CPU.ActiveCfg = Release|Any CPU
		{F96FAF7D-1565-48F5-825D-FA8A0CEA89AF}.Release|Any CPU.Build.0 = Release|Any CPU
		{7F23D684-9A18-4B35-9560-14648C23275C}.Debug|Any CPU.ActiveCfg = Debug|Any CPU
		{7F23D684-9A18-4B35-9560-14648C23275C}.Debug|Any CPU.Build.0 = Debug|Any CPU
		{7F23D684-9A18-4B35-9560-14648C23275C}.Release|Any CPU.ActiveCfg = Release|Any CPU
		{7F23D684-9A18-4B35-9560-14648C23275C}.Release|Any CPU.Build.0 = Release|Any CPU
		{685F087D-8359-4B19-BCB7-0B35B5AD1572}.Debug|Any CPU.ActiveCfg = Debug|Any CPU
		{685F087D-8359-4B19-BCB7-0B35B5AD1572}.Debug|Any CPU.Build.0 = Debug|Any CPU
		{685F087D-8359-4B19-BCB7-0B35B5AD1572}.Release|Any CPU.ActiveCfg = Release|Any CPU
		{685F087D-8359-4B19-BCB7-0B35B5AD1572}.Release|Any CPU.Build.0 = Release|Any CPU
	EndGlobalSection
	GlobalSection(SolutionProperties) = preSolution
		HideSolutionNode = FALSE
	EndGlobalSection
	GlobalSection(ExtensibilityGlobals) = postSolution
		SolutionGuid = {7B1B568D-9C4E-4B94-A5F4-F3B61EE54B5D}
	EndGlobalSection
EndGlobal
